
Microsoft Visual Studio Solution File, Format Version 12.00
# Visual Studio 15
VisualStudioVersion = 15.0.27130.2003
MinimumVisualStudioVersion = 10.0.40219.1
Project("{FAE04EC0-301F-11D3-BF4B-00C04F79EFBC}") = "AutoArchiveService", "AutoArchiveService\AutoArchiveService.csproj", "{2F61F905-1AE4-4298-BD1E-C56F22DFC7F0}"
EndProject
Project("{FAE04EC0-301F-11D3-BF4B-00C04F79EFBC}") = "Configuration", "Configuration\Configuration.csproj", "{8621A63E-B3ED-41CA-81E5-15B00CD52287}"
EndProject
Global
	GlobalSection(SolutionConfigurationPlatforms) = preSolution
		Debug|Any CPU = Debug|Any CPU
		Release|Any CPU = Release|Any CPU
	EndGlobalSection
	GlobalSection(ProjectConfigurationPlatforms) = postSolution
		{2F61F905-1AE4-4298-BD1E-C56F22DFC7F0}.Debug|Any CPU.ActiveCfg = Debug|Any CPU
		{2F61F905-1AE4-4298-BD1E-C56F22DFC7F0}.Debug|Any CPU.Build.0 = Debug|Any CPU
		{2F61F905-1AE4-4298-BD1E-C56F22DFC7F0}.Release|Any CPU.ActiveCfg = Release|Any CPU
		{2F61F905-1AE4-4298-BD1E-C56F22DFC7F0}.Release|Any CPU.Build.0 = Release|Any CPU
		{8621A63E-B3ED-41CA-81E5-15B00CD52287}.Debug|Any CPU.ActiveCfg = Debug|Any CPU
		{8621A63E-B3ED-41CA-81E5-15B00CD52287}.Debug|Any CPU.Build.0 = Debug|Any CPU
		{8621A63E-B3ED-41CA-81E5-15B00CD52287}.Release|Any CPU.ActiveCfg = Release|Any CPU
		{8621A63E-B3ED-41CA-81E5-15B00CD52287}.Release|Any CPU.Build.0 = Release|Any CPU
	EndGlobalSection
	GlobalSection(SolutionProperties) = preSolution
		HideSolutionNode = FALSE
	EndGlobalSection
	GlobalSection(ExtensibilityGlobals) = postSolution
		SolutionGuid = {D8AA0DB5-2286-439E-A10E-A7951D6C0610}
	EndGlobalSection
EndGlobal
